// !$*UTF8*$!
{
	archiveVersion = 1;
	classes = {
	};
	objectVersion = 55;
	objects = {

/* Begin PBXBuildFile section */
		87467CA22705CF2300DC6E8E /* AppDelegate.swift in Sources */ = {isa = PBXBuildFile; fileRef = 87467CA12705CF2300DC6E8E /* AppDelegate.swift */; };
		87467CA42705CF2300DC6E8E /* SceneDelegate.swift in Sources */ = {isa = PBXBuildFile; fileRef = 87467CA32705CF2300DC6E8E /* SceneDelegate.swift */; };
		87467CA62705CF2300DC6E8E /* ViewController.swift in Sources */ = {isa = PBXBuildFile; fileRef = 87467CA52705CF2300DC6E8E /* ViewController.swift */; };
		87467CA92705CF2300DC6E8E /* Main.storyboard in Resources */ = {isa = PBXBuildFile; fileRef = 87467CA72705CF2300DC6E8E /* Main.storyboard */; };
		87467CAB2705CF2400DC6E8E /* Assets.xcassets in Resources */ = {isa = PBXBuildFile; fileRef = 87467CAA2705CF2400DC6E8E /* Assets.xcassets */; };
		87467CAE2705CF2400DC6E8E /* LaunchScreen.storyboard in Resources */ = {isa = PBXBuildFile; fileRef = 87467CAC2705CF2400DC6E8E /* LaunchScreen.storyboard */; };
		87467CB92705CF2400DC6E8E /* Kay_t_Ekran__OlusturmaTests.swift in Sources */ = {isa = PBXBuildFile; fileRef = 87467CB82705CF2400DC6E8E /* Kay_t_Ekran__OlusturmaTests.swift */; };
		87467CC32705CF2400DC6E8E /* Kay_t_Ekran__OlusturmaUITests.swift in Sources */ = {isa = PBXBuildFile; fileRef = 87467CC22705CF2400DC6E8E /* Kay_t_Ekran__OlusturmaUITests.swift */; };
		87467CC52705CF2400DC6E8E /* Kay_t_Ekran__OlusturmaUITestsLaunchTests.swift in Sources */ = {isa = PBXBuildFile; fileRef = 87467CC42705CF2400DC6E8E /* Kay_t_Ekran__OlusturmaUITestsLaunchTests.swift */; };
/* End PBXBuildFile section */

/* Begin PBXContainerItemProxy section */
		87467CB52705CF2400DC6E8E /* PBXContainerItemProxy */ = {
			isa = PBXContainerItemProxy;
			containerPortal = 87467C962705CF2300DC6E8E /* Project object */;
			proxyType = 1;
			remoteGlobalIDString = 87467C9D2705CF2300DC6E8E;
			remoteInfo = "Kayıt Ekranı Olusturma";
		};
		87467CBF2705CF2400DC6E8E /* PBXContainerItemProxy */ = {
			isa = PBXContainerItemProxy;
			containerPortal = 87467C962705CF2300DC6E8E /* Project object */;
			proxyType = 1;
			remoteGlobalIDString = 87467C9D2705CF2300DC6E8E;
			remoteInfo = "Kayıt Ekranı Olusturma";
		};
/* End PBXContainerItemProxy section */

/* Begin PBXFileReference section */
		87467C9E2705CF2300DC6E8E /* Kayıt Ekranı Olusturma.app */ = {isa = PBXFileReference; explicitFileType = wrapper.application; includeInIndex = 0; path = "Kayıt Ekranı Olusturma.app"; sourceTree = BUILT_PRODUCTS_DIR; };
		87467CA12705CF2300DC6E8E /* AppDelegate.swift */ = {isa = PBXFileReference; lastKnownFileType = sourcecode.swift; path = AppDelegate.swift; sourceTree = "<group>"; };
		87467CA32705CF2300DC6E8E /* SceneDelegate.swift */ = {isa = PBXFileReference; lastKnownFileType = sourcecode.swift; path = SceneDelegate.swift; sourceTree = "<group>"; };
		87467CA52705CF2300DC6E8E /* ViewController.swift */ = {isa = PBXFileReference; lastKnownFileType = sourcecode.swift; path = ViewController.swift; sourceTree = "<group>"; };
		87467CA82705CF2300DC6E8E /* Base */ = {isa = PBXFileReference; lastKnownFileType = file.storyboard; name = Base; path = Base.lproj/Main.storyboard; sourceTree = "<group>"; };
		87467CAA2705CF2400DC6E8E /* Assets.xcassets */ = {isa = PBXFileReference; lastKnownFileType = folder.assetcatalog; path = Assets.xcassets; sourceTree = "<group>"; };
		87467CAD2705CF2400DC6E8E /* Base */ = {isa = PBXFileReference; lastKnownFileType = file.storyboard; name = Base; path = Base.lproj/LaunchScreen.storyboard; sourceTree = "<group>"; };
		87467CAF2705CF2400DC6E8E /* Info.plist */ = {isa = PBXFileReference; lastKnownFileType = text.plist.xml; path = Info.plist; sourceTree = "<group>"; };
		87467CB42705CF2400DC6E8E /* Kayıt Ekranı OlusturmaTests.xctest */ = {isa = PBXFileReference; explicitFileType = wrapper.cfbundle; includeInIndex = 0; path = "Kayıt Ekranı OlusturmaTests.xctest"; sourceTree = BUILT_PRODUCTS_DIR; };
		87467CB82705CF2400DC6E8E /* Kay_t_Ekran__OlusturmaTests.swift */ = {isa = PBXFileReference; lastKnownFileType = sourcecode.swift; path = Kay_t_Ekran__OlusturmaTests.swift; sourceTree = "<group>"; };
		87467CBE2705CF2400DC6E8E /* Kayıt Ekranı OlusturmaUITests.xctest */ = {isa = PBXFileReference; explicitFileType = wrapper.cfbundle; includeInIndex = 0; path = "Kayıt Ekranı OlusturmaUITests.xctest"; sourceTree = BUILT_PRODUCTS_DIR; };
		87467CC22705CF2400DC6E8E /* Kay_t_Ekran__OlusturmaUITests.swift */ = {isa = PBXFileReference; lastKnownFileType = sourcecode.swift; path = Kay_t_Ekran__OlusturmaUITests.swift; sourceTree = "<group>"; };
		87467CC42705CF2400DC6E8E /* Kay_t_Ekran__OlusturmaUITestsLaunchTests.swift */ = {isa = PBXFileReference; lastKnownFileType = sourcecode.swift; path = Kay_t_Ekran__OlusturmaUITestsLaunchTests.swift; sourceTree = "<group>"; };
/* End PBXFileReference section */

/* Begin PBXFrameworksBuildPhase section */
		87467C9B2705CF2300DC6E8E /* Frameworks */ = {
			isa = PBXFrameworksBuildPhase;
			buildActionMask = 2147483647;
			files = (
			);
			runOnlyForDeploymentPostprocessing = 0;
		};
		87467CB12705CF2400DC6E8E /* Frameworks */ = {
			isa = PBXFrameworksBuildPhase;
			buildActionMask = 2147483647;
			files = (
			);
			runOnlyForDeploymentPostprocessing = 0;
		};
		87467CBB2705CF2400DC6E8E /* Frameworks */ = {
			isa = PBXFrameworksBuildPhase;
			buildActionMask = 2147483647;
			files = (
			);
			runOnlyForDeploymentPostprocessing = 0;
		};
/* End PBXFrameworksBuildPhase section */

/* Begin PBXGroup section */
		87467C952705CF2300DC6E8E = {
			isa = PBXGroup;
			children = (
				87467CA02705CF2300DC6E8E /* Kayıt Ekranı Olusturma */,
				87467CB72705CF2400DC6E8E /* Kayıt Ekranı OlusturmaTests */,
				87467CC12705CF2400DC6E8E /* Kayıt Ekranı OlusturmaUITests */,
				87467C9F2705CF2300DC6E8E /* Products */,
			);
			sourceTree = "<group>";
		};
		87467C9F2705CF2300DC6E8E /* Products */ = {
			isa = PBXGroup;
			children = (
				87467C9E2705CF2300DC6E8E /* Kayıt Ekranı Olusturma.app */,
				87467CB42705CF2400DC6E8E /* Kayıt Ekranı OlusturmaTests.xctest */,
				87467CBE2705CF2400DC6E8E /* Kayıt Ekranı OlusturmaUITests.xctest */,
			);
			name = Products;
			sourceTree = "<group>";
		};
		87467CA02705CF2300DC6E8E /* Kayıt Ekranı Olusturma */ = {
			isa = PBXGroup;
			children = (
				87467CA12705CF2300DC6E8E /* AppDelegate.swift */,
				87467CA32705CF2300DC6E8E /* SceneDelegate.swift */,
				87467CA52705CF2300DC6E8E /* ViewController.swift */,
				87467CA72705CF2300DC6E8E /* Main.storyboard */,
				87467CAA2705CF2400DC6E8E /* Assets.xcassets */,
				87467CAC2705CF2400DC6E8E /* LaunchScreen.storyboard */,
				87467CAF2705CF2400DC6E8E /* Info.plist */,
			);
			path = "Kayıt Ekranı Olusturma";
			sourceTree = "<group>";
		};
		87467CB72705CF2400DC6E8E /* Kayıt Ekranı OlusturmaTests */ = {
			isa = PBXGroup;
			children = (
				87467CB82705CF2400DC6E8E /* Kay_t_Ekran__OlusturmaTests.swift */,
			);
			path = "Kayıt Ekranı OlusturmaTests";
			sourceTree = "<group>";
		};
		87467CC12705CF2400DC6E8E /* Kayıt Ekranı OlusturmaUITests */ = {
			isa = PBXGroup;
			children = (
				87467CC22705CF2400DC6E8E /* Kay_t_Ekran__OlusturmaUITests.swift */,
				87467CC42705CF2400DC6E8E /* Kay_t_Ekran__OlusturmaUITestsLaunchTests.swift */,
			);
			path = "Kayıt Ekranı OlusturmaUITests";
			sourceTree = "<group>";
		};
/* End PBXGroup section */

/* Begin PBXNativeTarget section */
		87467C9D2705CF2300DC6E8E /* Kayıt Ekranı Olusturma */ = {
			isa = PBXNativeTarget;
			buildConfigurationList = 87467CC82705CF2400DC6E8E /* Build configuration list for PBXNativeTarget "Kayıt Ekranı Olusturma" */;
			buildPhases = (
				87467C9A2705CF2300DC6E8E /* Sources */,
				87467C9B2705CF2300DC6E8E /* Frameworks */,
				87467C9C2705CF2300DC6E8E /* Resources */,
			);
			buildRules = (
			);
			dependencies = (
			);
			name = "Kayıt Ekranı Olusturma";
			productName = "Kayıt Ekranı Olusturma";
			productReference = 87467C9E2705CF2300DC6E8E /* Kayıt Ekranı Olusturma.app */;
			productType = "com.apple.product-type.application";
		};
		87467CB32705CF2400DC6E8E /* Kayıt Ekranı OlusturmaTests */ = {
			isa = PBXNativeTarget;
			buildConfigurationList = 87467CCB2705CF2400DC6E8E /* Build configuration list for PBXNativeTarget "Kayıt Ekranı OlusturmaTests" */;
			buildPhases = (
				87467CB02705CF2400DC6E8E /* Sources */,
				87467CB12705CF2400DC6E8E /* Frameworks */,
				87467CB22705CF2400DC6E8E /* Resources */,
			);
			buildRules = (
			);
			dependencies = (
				87467CB62705CF2400DC6E8E /* PBXTargetDependency */,
			);
			name = "Kayıt Ekranı OlusturmaTests";
			productName = "Kayıt Ekranı OlusturmaTests";
			productReference = 87467CB42705CF2400DC6E8E /* Kayıt Ekranı OlusturmaTests.xctest */;
			productType = "com.apple.product-type.bundle.unit-test";
		};
		87467CBD2705CF2400DC6E8E /* Kayıt Ekranı OlusturmaUITests */ = {
			isa = PBXNativeTarget;
			buildConfigurationList = 87467CCE2705CF2400DC6E8E /* Build configuration list for PBXNativeTarget "Kayıt Ekranı OlusturmaUITests" */;
			buildPhases = (
				87467CBA2705CF2400DC6E8E /* Sources */,
				87467CBB2705CF2400DC6E8E /* Frameworks */,
				87467CBC2705CF2400DC6E8E /* Resources */,
			);
			buildRules = (
			);
			dependencies = (
				87467CC02705CF2400DC6E8E /* PBXTargetDependency */,
			);
			name = "Kayıt Ekranı OlusturmaUITests";
			productName = "Kayıt Ekranı OlusturmaUITests";
			productReference = 87467CBE2705CF2400DC6E8E /* Kayıt Ekranı OlusturmaUITests.xctest */;
			productType = "com.apple.product-type.bundle.ui-testing";
		};
/* End PBXNativeTarget section */

/* Begin PBXProject section */
		87467C962705CF2300DC6E8E /* Project object */ = {
			isa = PBXProject;
			attributes = {
				BuildIndependentTargetsInParallel = 1;
				LastSwiftUpdateCheck = 1300;
				LastUpgradeCheck = 1300;
				TargetAttributes = {
					87467C9D2705CF2300DC6E8E = {
						CreatedOnToolsVersion = 13.0;
					};
					87467CB32705CF2400DC6E8E = {
						CreatedOnToolsVersion = 13.0;
						TestTargetID = 87467C9D2705CF2300DC6E8E;
					};
					87467CBD2705CF2400DC6E8E = {
						CreatedOnToolsVersion = 13.0;
						TestTargetID = 87467C9D2705CF2300DC6E8E;
					};
				};
			};
			buildConfigurationList = 87467C992705CF2300DC6E8E /* Build configuration list for PBXProject "Kayıt Ekranı Olusturma" */;
			compatibilityVersion = "Xcode 13.0";
			developmentRegion = en;
			hasScannedForEncodings = 0;
			knownRegions = (
				en,
				Base,
			);
			mainGroup = 87467C952705CF2300DC6E8E;
			productRefGroup = 87467C9F2705CF2300DC6E8E /* Products */;
			projectDirPath = "";
			projectRoot = "";
			targets = (
				87467C9D2705CF2300DC6E8E /* Kayıt Ekranı Olusturma */,
				87467CB32705CF2400DC6E8E /* Kayıt Ekranı OlusturmaTests */,
				87467CBD2705CF2400DC6E8E /* Kayıt Ekranı OlusturmaUITests */,
			);
		};
/* End PBXProject section */

/* Begin PBXResourcesBuildPhase section */
		87467C9C2705CF2300DC6E8E /* Resources */ = {
			isa = PBXResourcesBuildPhase;
			buildActionMask = 2147483647;
			files = (
				87467CAE2705CF2400DC6E8E /* LaunchScreen.storyboard in Resources */,
				87467CAB2705CF2400DC6E8E /* Assets.xcassets in Resources */,
				87467CA92705CF2300DC6E8E /* Main.storyboard in Resources */,
			);
			runOnlyForDeploymentPostprocessing = 0;
		};
		87467CB22705CF2400DC6E8E /* Resources */ = {
			isa = PBXResourcesBuildPhase;
			buildActionMask = 2147483647;
			files = (
			);
			runOnlyForDeploymentPostprocessing = 0;
		};
		87467CBC2705CF2400DC6E8E /* Resources */ = {
			isa = PBXResourcesBuildPhase;
			buildActionMask = 2147483647;
			files = (
			);
			runOnlyForDeploymentPostprocessing = 0;
		};
/* End PBXResourcesBuildPhase section */

/* Begin PBXSourcesBuildPhase section */
		87467C9A2705CF2300DC6E8E /* Sources */ = {
			isa = PBXSourcesBuildPhase;
			buildActionMask = 2147483647;
			files = (
				87467CA62705CF2300DC6E8E /* ViewController.swift in Sources */,
				87467CA22705CF2300DC6E8E /* AppDelegate.swift in Sources */,
				87467CA42705CF2300DC6E8E /* SceneDelegate.swift in Sources */,
			);
			runOnlyForDeploymentPostprocessing = 0;
		};
		87467CB02705CF2400DC6E8E /* Sources */ = {
			isa = PBXSourcesBuildPhase;
			buildActionMask = 2147483647;
			files = (
				87467CB92705CF2400DC6E8E /* Kay_t_Ekran__OlusturmaTests.swift in Sources */,
			);
			runOnlyForDeploymentPostprocessing = 0;
		};
		87467CBA2705CF2400DC6E8E /* Sources */ = {
			isa = PBXSourcesBuildPhase;
			buildActionMask = 2147483647;
			files = (
				87467CC52705CF2400DC6E8E /* Kay_t_Ekran__OlusturmaUITestsLaunchTests.swift in Sources */,
				87467CC32705CF2400DC6E8E /* Kay_t_Ekran__OlusturmaUITests.swift in Sources */,
			);
			runOnlyForDeploymentPostprocessing = 0;
		};
/* End PBXSourcesBuildPhase section */

/* Begin PBXTargetDependency section */
		87467CB62705CF2400DC6E8E /* PBXTargetDependency */ = {
			isa = PBXTargetDependency;
			target = 87467C9D2705CF2300DC6E8E /* Kayıt Ekranı Olusturma */;
			targetProxy = 87467CB52705CF2400DC6E8E /* PBXContainerItemProxy */;
		};
		87467CC02705CF2400DC6E8E /* PBXTargetDependency */ = {
			isa = PBXTargetDependency;
			target = 87467C9D2705CF2300DC6E8E /* Kayıt Ekranı Olusturma */;
			targetProxy = 87467CBF2705CF2400DC6E8E /* PBXContainerItemProxy */;
		};
/* End PBXTargetDependency section */

/* Begin PBXVariantGroup section */
		87467CA72705CF2300DC6E8E /* Main.storyboard */ = {
			isa = PBXVariantGroup;
			children = (
				87467CA82705CF2300DC6E8E /* Base */,
			);
			name = Main.storyboard;
			sourceTree = "<group>";
		};
		87467CAC2705CF2400DC6E8E /* LaunchScreen.storyboard */ = {
			isa = PBXVariantGroup;
			children = (
				87467CAD2705CF2400DC6E8E /* Base */,
			);
			name = LaunchScreen.storyboard;
			sourceTree = "<group>";
		};
/* End PBXVariantGroup section */

/* Begin XCBuildConfiguration section */
		87467CC62705CF2400DC6E8E /* Debug */ = {
			isa = XCBuildConfiguration;
			buildSettings = {
				ALWAYS_SEARCH_USER_PATHS = NO;
				CLANG_ANALYZER_NONNULL = YES;
				CLANG_ANALYZER_NUMBER_OBJECT_CONVERSION = YES_AGGRESSIVE;
				CLANG_CXX_LANGUAGE_STANDARD = "gnu++17";
				CLANG_CXX_LIBRARY = "libc++";
				CLANG_ENABLE_MODULES = YES;
				CLANG_ENABLE_OBJC_ARC = YES;
				CLANG_ENABLE_OBJC_WEAK = YES;
				CLANG_WARN_BLOCK_CAPTURE_AUTORELEASING = YES;
				CLANG_WARN_BOOL_CONVERSION = YES;
				CLANG_WARN_COMMA = YES;
				CLANG_WARN_CONSTANT_CONVERSION = YES;
				CLANG_WARN_DEPRECATED_OBJC_IMPLEMENTATIONS = YES;
				CLANG_WARN_DIRECT_OBJC_ISA_USAGE = YES_ERROR;
				CLANG_WARN_DOCUMENTATION_COMMENTS = YES;
				CLANG_WARN_EMPTY_BODY = YES;
				CLANG_WARN_ENUM_CONVERSION = YES;
				CLANG_WARN_INFINITE_RECURSION = YES;
				CLANG_WARN_INT_CONVERSION = YES;
				CLANG_WARN_NON_LITERAL_NULL_CONVERSION = YES;
				CLANG_WARN_OBJC_IMPLICIT_RETAIN_SELF = YES;
				CLANG_WARN_OBJC_LITERAL_CONVERSION = YES;
				CLANG_WARN_OBJC_ROOT_CLASS = YES_ERROR;
				CLANG_WARN_QUOTED_INCLUDE_IN_FRAMEWORK_HEADER = YES;
				CLANG_WARN_RANGE_LOOP_ANALYSIS = YES;
				CLANG_WARN_STRICT_PROTOTYPES = YES;
				CLANG_WARN_SUSPICIOUS_MOVE = YES;
				CLANG_WARN_UNGUARDED_AVAILABILITY = YES_AGGRESSIVE;
				CLANG_WARN_UNREACHABLE_CODE = YES;
				CLANG_WARN__DUPLICATE_METHOD_MATCH = YES;
				COPY_PHASE_STRIP = NO;
				DEBUG_INFORMATION_FORMAT = dwarf;
				ENABLE_STRICT_OBJC_MSGSEND = YES;
				ENABLE_TESTABILITY = YES;
				GCC_C_LANGUAGE_STANDARD = gnu11;
				GCC_DYNAMIC_NO_PIC = NO;
				GCC_NO_COMMON_BLOCKS = YES;
				GCC_OPTIMIZATION_LEVEL = 0;
				GCC_PREPROCESSOR_DEFINITIONS = (
					"DEBUG=1",
					"$(inherited)",
				);
				GCC_WARN_64_TO_32_BIT_CONVERSION = YES;
				GCC_WARN_ABOUT_RETURN_TYPE = YES_ERROR;
				GCC_WARN_UNDECLARED_SELECTOR = YES;
				GCC_WARN_UNINITIALIZED_AUTOS = YES_AGGRESSIVE;
				GCC_WARN_UNUSED_FUNCTION = YES;
				GCC_WARN_UNUSED_VARIABLE = YES;
				IPHONEOS_DEPLOYMENT_TARGET = 15.0;
				MTL_ENABLE_DEBUG_INFO = INCLUDE_SOURCE;
				MTL_FAST_MATH = YES;
				ONLY_ACTIVE_ARCH = YES;
				SDKROOT = iphoneos;
				SWIFT_ACTIVE_COMPILATION_CONDITIONS = DEBUG;
				SWIFT_OPTIMIZATION_LEVEL = "-Onone";
			};
			name = Debug;
		};
		87467CC72705CF2400DC6E8E /* Release */ = {
			isa = XCBuildConfiguration;
			buildSettings = {
				ALWAYS_SEARCH_USER_PATHS = NO;
				CLANG_ANALYZER_NONNULL = YES;
				CLANG_ANALYZER_NUMBER_OBJECT_CONVERSION = YES_AGGRESSIVE;
				CLANG_CXX_LANGUAGE_STANDARD = "gnu++17";
				CLANG_CXX_LIBRARY = "libc++";
				CLANG_ENABLE_MODULES = YES;
				CLANG_ENABLE_OBJC_ARC = YES;
				CLANG_ENABLE_OBJC_WEAK = YES;
				CLANG_WARN_BLOCK_CAPTURE_AUTORELEASING = YES;
				CLANG_WARN_BOOL_CONVERSION = YES;
				CLANG_WARN_COMMA = YES;
				CLANG_WARN_CONSTANT_CONVERSION = YES;
				CLANG_WARN_DEPRECATED_OBJC_IMPLEMENTATIONS = YES;
				CLANG_WARN_DIRECT_OBJC_ISA_USAGE = YES_ERROR;
				CLANG_WARN_DOCUMENTATION_COMMENTS = YES;
				CLANG_WARN_EMPTY_BODY = YES;
				CLANG_WARN_ENUM_CONVERSION = YES;
				CLANG_WARN_INFINITE_RECURSION = YES;
				CLANG_WARN_INT_CONVERSION = YES;
				CLANG_WARN_NON_LITERAL_NULL_CONVERSION = YES;
				CLANG_WARN_OBJC_IMPLICIT_RETAIN_SELF = YES;
				CLANG_WARN_OBJC_LITERAL_CONVERSION = YES;
				CLANG_WARN_OBJC_ROOT_CLASS = YES_ERROR;
				CLANG_WARN_QUOTED_INCLUDE_IN_FRAMEWORK_HEADER = YES;
				CLANG_WARN_RANGE_LOOP_ANALYSIS = YES;
				CLANG_WARN_STRICT_PROTOTYPES = YES;
				CLANG_WARN_SUSPICIOUS_MOVE = YES;
				CLANG_WARN_UNGUARDED_AVAILABILITY = YES_AGGRESSIVE;
				CLANG_WARN_UNREACHABLE_CODE = YES;
				CLANG_WARN__DUPLICATE_METHOD_MATCH = YES;
				COPY_PHASE_STRIP = NO;
				DEBUG_INFORMATION_FORMAT = "dwarf-with-dsym";
				ENABLE_NS_ASSERTIONS = NO;
				ENABLE_STRICT_OBJC_MSGSEND = YES;
				GCC_C_LANGUAGE_STANDARD = gnu11;
				GCC_NO_COMMON_BLOCKS = YES;
				GCC_WARN_64_TO_32_BIT_CONVERSION = YES;
				GCC_WARN_ABOUT_RETURN_TYPE = YES_ERROR;
				GCC_WARN_UNDECLARED_SELECTOR = YES;
				GCC_WARN_UNINITIALIZED_AUTOS = YES_AGGRESSIVE;
				GCC_WARN_UNUSED_FUNCTION = YES;
				GCC_WARN_UNUSED_VARIABLE = YES;
				IPHONEOS_DEPLOYMENT_TARGET = 15.0;
				MTL_ENABLE_DEBUG_INFO = NO;
				MTL_FAST_MATH = YES;
				SDKROOT = iphoneos;
				SWIFT_COMPILATION_MODE = wholemodule;
				SWIFT_OPTIMIZATION_LEVEL = "-O";
				VALIDATE_PRODUCT = YES;
			};
			name = Release;
		};
		87467CC92705CF2400DC6E8E /* Debug */ = {
			isa = XCBuildConfiguration;
			buildSettings = {
				ASSETCATALOG_COMPILER_APPICON_NAME = AppIcon;
				ASSETCATALOG_COMPILER_GLOBAL_ACCENT_COLOR_NAME = AccentColor;
				CODE_SIGN_STYLE = Automatic;
				CURRENT_PROJECT_VERSION = 1;
				GENERATE_INFOPLIST_FILE = YES;
				INFOPLIST_FILE = "Kayıt Ekranı Olusturma/Info.plist";
				INFOPLIST_KEY_UIApplicationSupportsIndirectInputEvents = YES;
				INFOPLIST_KEY_UILaunchStoryboardName = LaunchScreen;
				INFOPLIST_KEY_UIMainStoryboardFile = Main;
				INFOPLIST_KEY_UISupportedInterfaceOrientations_iPad = "UIInterfaceOrientationPortrait UIInterfaceOrientationPortraitUpsideDown UIInterfaceOrientationLandscapeLeft UIInterfaceOrientationLandscapeRight";
				INFOPLIST_KEY_UISupportedInterfaceOrientations_iPhone = "UIInterfaceOrientationPortrait UIInterfaceOrientationLandscapeLeft UIInterfaceOrientationLandscapeRight";
				LD_RUNPATH_SEARCH_PATHS = (
					"$(inherited)",
					"@executable_path/Frameworks",
				);
				MARKETING_VERSION = 1.0;
				PRODUCT_BUNDLE_IDENTIFIER = "ertugrulkulaber-gmail.com.Kay-t-Ekran--Olusturma";
				PRODUCT_NAME = "$(TARGET_NAME)";
				SWIFT_EMIT_LOC_STRINGS = YES;
				SWIFT_VERSION = 5.0;
				TARGETED_DEVICE_FAMILY = "1,2";
			};
			name = Debug;
		};
		87467CCA2705CF2400DC6E8E /* Release */ = {
			isa = XCBuildConfiguration;
			buildSettings = {
				ASSETCATALOG_COMPILER_APPICON_NAME = AppIcon;
				ASSETCATALOG_COMPILER_GLOBAL_ACCENT_COLOR_NAME = AccentColor;
				CODE_SIGN_STYLE = Automatic;
				CURRENT_PROJECT_VERSION = 1;
				GENERATE_INFOPLIST_FILE = YES;
				INFOPLIST_FILE = "Kayıt Ekranı Olusturma/Info.plist";
				INFOPLIST_KEY_UIApplicationSupportsIndirectInputEvents = YES;
				INFOPLIST_KEY_UILaunchStoryboardName = LaunchScreen;
				INFOPLIST_KEY_UIMainStoryboardFile = Main;
				INFOPLIST_KEY_UISupportedInterfaceOrientations_iPad = "UIInterfaceOrientationPortrait UIInterfaceOrientationPortraitUpsideDown UIInterfaceOrientationLandscapeLeft UIInterfaceOrientationLandscapeRight";
				INFOPLIST_KEY_UISupportedInterfaceOrientations_iPhone = "UIInterfaceOrientationPortrait UIInterfaceOrientationLandscapeLeft UIInterfaceOrientationLandscapeRight";
				LD_RUNPATH_SEARCH_PATHS = (
					"$(inherited)",
					"@executable_path/Frameworks",
				);
				MARKETING_VERSION = 1.0;
				PRODUCT_BUNDLE_IDENTIFIER = "ertugrulkulaber-gmail.com.Kay-t-Ekran--Olusturma";
				PRODUCT_NAME = "$(TARGET_NAME)";
				SWIFT_EMIT_LOC_STRINGS = YES;
				SWIFT_VERSION = 5.0;
				TARGETED_DEVICE_FAMILY = "1,2";
			};
			name = Release;
		};
		87467CCC2705CF2400DC6E8E /* Debug */ = {
			isa = XCBuildConfiguration;
			buildSettings = {
				ALWAYS_EMBED_SWIFT_STANDARD_LIBRARIES = YES;
				BUNDLE_LOADER = "$(TEST_HOST)";
				CODE_SIGN_STYLE = Automatic;
				CURRENT_PROJECT_VERSION = 1;
				GENERATE_INFOPLIST_FILE = YES;
				IPHONEOS_DEPLOYMENT_TARGET = 15.0;
				LD_RUNPATH_SEARCH_PATHS = (
					"$(inherited)",
					"@executable_path/Frameworks",
					"@loader_path/Frameworks",
				);
				MARKETING_VERSION = 1.0;
				PRODUCT_BUNDLE_IDENTIFIER = "ertugrulkulaber-gmail.com.Kay-t-Ekran--OlusturmaTests";
				PRODUCT_NAME = "$(TARGET_NAME)";
				SWIFT_EMIT_LOC_STRINGS = NO;
				SWIFT_VERSION = 5.0;
				TARGETED_DEVICE_FAMILY = "1,2";
				TEST_HOST = "$(BUILT_PRODUCTS_DIR)/Kayıt Ekranı Olusturma.app/Kayıt Ekranı Olusturma";
			};
			name = Debug;
		};
		87467CCD2705CF2400DC6E8E /* Release */ = {
			isa = XCBuildConfiguration;
			buildSettings = {
				ALWAYS_EMBED_SWIFT_STANDARD_LIBRARIES = YES;
				BUNDLE_LOADER = "$(TEST_HOST)";
				CODE_SIGN_STYLE = Automatic;
				CURRENT_PROJECT_VERSION = 1;
				GENERATE_INFOPLIST_FILE = YES;
				IPHONEOS_DEPLOYMENT_TARGET = 15.0;
				LD_RUNPATH_SEARCH_PATHS = (
					"$(inherited)",
					"@executable_path/Frameworks",
					"@loader_path/Frameworks",
				);
				MARKETING_VERSION = 1.0;
				PRODUCT_BUNDLE_IDENTIFIER = "ertugrulkulaber-gmail.com.Kay-t-Ekran--OlusturmaTests";
				PRODUCT_NAME = "$(TARGET_NAME)";
				SWIFT_EMIT_LOC_STRINGS = NO;
				SWIFT_VERSION = 5.0;
				TARGETED_DEVICE_FAMILY = "1,2";
				TEST_HOST = "$(BUILT_PRODUCTS_DIR)/Kayıt Ekranı Olusturma.app/Kayıt Ekranı Olusturma";
			};
			name = Release;
		};
		87467CCF2705CF2400DC6E8E /* Debug */ = {
			isa = XCBuildConfiguration;
			buildSettings = {
				ALWAYS_EMBED_SWIFT_STANDARD_LIBRARIES = YES;
				CODE_SIGN_STYLE = Automatic;
				CURRENT_PROJECT_VERSION = 1;
				GENERATE_INFOPLIST_FILE = YES;
				LD_RUNPATH_SEARCH_PATHS = (
					"$(inherited)",
					"@executable_path/Frameworks",
					"@loader_path/Frameworks",
				);
				MARKETING_VERSION = 1.0;
				PRODUCT_BUNDLE_IDENTIFIER = "ertugrulkulaber-gmail.com.Kay-t-Ekran--OlusturmaUITests";
				PRODUCT_NAME = "$(TARGET_NAME)";
				SWIFT_EMIT_LOC_STRINGS = NO;
				SWIFT_VERSION = 5.0;
				TARGETED_DEVICE_FAMILY = "1,2";
				TEST_TARGET_NAME = "Kayıt Ekranı Olusturma";
			};
			name = Debug;
		};
		87467CD02705CF2400DC6E8E /* Release */ = {
			isa = XCBuildConfiguration;
			buildSettings = {
				ALWAYS_EMBED_SWIFT_STANDARD_LIBRARIES = YES;
				CODE_SIGN_STYLE = Automatic;
				CURRENT_PROJECT_VERSION = 1;
				GENERATE_INFOPLIST_FILE = YES;
				LD_RUNPATH_SEARCH_PATHS = (
					"$(inherited)",
					"@executable_path/Frameworks",
					"@loader_path/Frameworks",
				);
				MARKETING_VERSION = 1.0;
				PRODUCT_BUNDLE_IDENTIFIER = "ertugrulkulaber-gmail.com.Kay-t-Ekran--OlusturmaUITests";
				PRODUCT_NAME = "$(TARGET_NAME)";
				SWIFT_EMIT_LOC_STRINGS = NO;
				SWIFT_VERSION = 5.0;
				TARGETED_DEVICE_FAMILY = "1,2";
				TEST_TARGET_NAME = "Kayıt Ekranı Olusturma";
			};
			name = Release;
		};
/* End XCBuildConfiguration section */

/* Begin XCConfigurationList section */
		87467C992705CF2300DC6E8E /* Build configuration list for PBXProject "Kayıt Ekranı Olusturma" */ = {
			isa = XCConfigurationList;
			buildConfigurations = (
				87467CC62705CF2400DC6E8E /* Debug */,
				87467CC72705CF2400DC6E8E /* Release */,
			);
			defaultConfigurationIsVisible = 0;
			defaultConfigurationName = Release;
		};
		87467CC82705CF2400DC6E8E /* Build configuration list for PBXNativeTarget "Kayıt Ekranı Olusturma" */ = {
			isa = XCConfigurationList;
			buildConfigurations = (
				87467CC92705CF2400DC6E8E /* Debug */,
				87467CCA2705CF2400DC6E8E /* Release */,
			);
			defaultConfigurationIsVisible = 0;
			defaultConfigurationName = Release;
		};
		87467CCB2705CF2400DC6E8E /* Build configuration list for PBXNativeTarget "Kayıt Ekranı OlusturmaTests" */ = {
			isa = XCConfigurationList;
			buildConfigurations = (
				87467CCC2705CF2400DC6E8E /* Debug */,
				87467CCD2705CF2400DC6E8E /* Release */,
			);
			defaultConfigurationIsVisible = 0;
			defaultConfigurationName = Release;
		};
		87467CCE2705CF2400DC6E8E /* Build configuration list for PBXNativeTarget "Kayıt Ekranı OlusturmaUITests" */ = {
			isa = XCConfigurationList;
			buildConfigurations = (
				87467CCF2705CF2400DC6E8E /* Debug */,
				87467CD02705CF2400DC6E8E /* Release */,
			);
			defaultConfigurationIsVisible = 0;
			defaultConfigurationName = Release;
		};
/* End XCConfigurationList section */
	};
	rootObject = 87467C962705CF2300DC6E8E /* Project object */;
}
